// !$*UTF8*$!
{
	archiveVersion = 1;
	classes = {
	};
	objectVersion = 46;
	objects = {

/* Begin PBXBuildFile section */
		00BAABA11BDD1F9600BA4F3D /* Utils.swift in Sources */ = {isa = PBXBuildFile; fileRef = 00BAABA01BDD1F9600BA4F3D /* Utils.swift */; };
		2AFA51E8F5B055ACD4C0ED33 /* Pods.framework in Frameworks */ = {isa = PBXBuildFile; fileRef = 1D661EA3637F472DA835FF85 /* Pods.framework */; };
		45D154241BDF4547009B7ED5 /* Counts.swift in Sources */ = {isa = PBXBuildFile; fileRef = 45D154231BDF4547009B7ED5 /* Counts.swift */; };
		45D154261BDF46CD009B7ED5 /* Reply.swift in Sources */ = {isa = PBXBuildFile; fileRef = 45D154251BDF46CD009B7ED5 /* Reply.swift */; };
		45D1542A1BDF7700009B7ED5 /* BBStatusTableViewCell.swift in Sources */ = {isa = PBXBuildFile; fileRef = 45D154291BDF7700009B7ED5 /* BBStatusTableViewCell.swift */; };
		45DE276F1B8721DF0054413F /* AppDelegate.swift in Sources */ = {isa = PBXBuildFile; fileRef = 45DE276E1B8721DF0054413F /* AppDelegate.swift */; };
		45DE27791B8721DF0054413F /* Images.xcassets in Resources */ = {isa = PBXBuildFile; fileRef = 45DE27781B8721DF0054413F /* Images.xcassets */; };
		45DE277C1B8721DF0054413F /* LaunchScreen.xib in Resources */ = {isa = PBXBuildFile; fileRef = 45DE277A1B8721DF0054413F /* LaunchScreen.xib */; };
		45DE27881B8721DF0054413F /* MeiboTests.swift in Sources */ = {isa = PBXBuildFile; fileRef = 45DE27871B8721DF0054413F /* MeiboTests.swift */; };
		45DE27951B87240D0054413F /* Status.swift in Sources */ = {isa = PBXBuildFile; fileRef = 45DE27941B87240D0054413F /* Status.swift */; };
		45DE27971B872B350054413F /* User.swift in Sources */ = {isa = PBXBuildFile; fileRef = 45DE27961B872B350054413F /* User.swift */; };
		45F32E6C1BDDD23F00FFDDD7 /* BBNetworkManager.swift in Sources */ = {isa = PBXBuildFile; fileRef = 45F32E6B1BDDD23F00FFDDD7 /* BBNetworkManager.swift */; };
		45F32E711BDE23BD00FFDDD7 /* Comment.swift in Sources */ = {isa = PBXBuildFile; fileRef = 45F32E701BDE23BC00FFDDD7 /* Comment.swift */; };
		45F32E731BDE2D7300FFDDD7 /* Draft.swift in Sources */ = {isa = PBXBuildFile; fileRef = 45F32E721BDE2D7300FFDDD7 /* Draft.swift */; };
/* End PBXBuildFile section */

/* Begin PBXContainerItemProxy section */
		45DE27821B8721DF0054413F /* PBXContainerItemProxy */ = {
			isa = PBXContainerItemProxy;
			containerPortal = 45DE27611B8721DF0054413F /* Project object */;
			proxyType = 1;
			remoteGlobalIDString = 45DE27681B8721DF0054413F;
			remoteInfo = Meibo;
		};
/* End PBXContainerItemProxy section */

/* Begin PBXFileReference section */
		00BAABA01BDD1F9600BA4F3D /* Utils.swift */ = {isa = PBXFileReference; fileEncoding = 4; lastKnownFileType = sourcecode.swift; path = Utils.swift; sourceTree = "<group>"; };
		03EBE97916082EF6C0D17A21 /* Pods.debug.xcconfig */ = {isa = PBXFileReference; includeInIndex = 1; lastKnownFileType = text.xcconfig; name = Pods.debug.xcconfig; path = "Pods/Target Support Files/Pods/Pods.debug.xcconfig"; sourceTree = "<group>"; };
		1D661EA3637F472DA835FF85 /* Pods.framework */ = {isa = PBXFileReference; explicitFileType = wrapper.framework; includeInIndex = 0; path = Pods.framework; sourceTree = BUILT_PRODUCTS_DIR; };
		45D154231BDF4547009B7ED5 /* Counts.swift */ = {isa = PBXFileReference; fileEncoding = 4; lastKnownFileType = sourcecode.swift; path = Counts.swift; sourceTree = "<group>"; };
		45D154251BDF46CD009B7ED5 /* Reply.swift */ = {isa = PBXFileReference; fileEncoding = 4; lastKnownFileType = sourcecode.swift; path = Reply.swift; sourceTree = "<group>"; };
		45D154291BDF7700009B7ED5 /* BBStatusTableViewCell.swift */ = {isa = PBXFileReference; fileEncoding = 4; lastKnownFileType = sourcecode.swift; path = BBStatusTableViewCell.swift; sourceTree = "<group>"; };
		45DE27691B8721DF0054413F /* Meibo.app */ = {isa = PBXFileReference; explicitFileType = wrapper.application; includeInIndex = 0; path = Meibo.app; sourceTree = BUILT_PRODUCTS_DIR; };
		45DE276D1B8721DF0054413F /* Info.plist */ = {isa = PBXFileReference; lastKnownFileType = text.plist.xml; path = Info.plist; sourceTree = "<group>"; };
		45DE276E1B8721DF0054413F /* AppDelegate.swift */ = {isa = PBXFileReference; lastKnownFileType = sourcecode.swift; path = AppDelegate.swift; sourceTree = "<group>"; };
		45DE27781B8721DF0054413F /* Images.xcassets */ = {isa = PBXFileReference; lastKnownFileType = folder.assetcatalog; path = Images.xcassets; sourceTree = "<group>"; };
		45DE277B1B8721DF0054413F /* Base */ = {isa = PBXFileReference; lastKnownFileType = file.xib; name = Base; path = Base.lproj/LaunchScreen.xib; sourceTree = "<group>"; };
		45DE27811B8721DF0054413F /* MeiboTests.xctest */ = {isa = PBXFileReference; explicitFileType = wrapper.cfbundle; includeInIndex = 0; path = MeiboTests.xctest; sourceTree = BUILT_PRODUCTS_DIR; };
		45DE27861B8721DF0054413F /* Info.plist */ = {isa = PBXFileReference; lastKnownFileType = text.plist.xml; path = Info.plist; sourceTree = "<group>"; };
		45DE27871B8721DF0054413F /* MeiboTests.swift */ = {isa = PBXFileReference; lastKnownFileType = sourcecode.swift; path = MeiboTests.swift; sourceTree = "<group>"; };
		45DE27941B87240D0054413F /* Status.swift */ = {isa = PBXFileReference; fileEncoding = 4; lastKnownFileType = sourcecode.swift; path = Status.swift; sourceTree = "<group>"; };
		45DE27961B872B350054413F /* User.swift */ = {isa = PBXFileReference; fileEncoding = 4; lastKnownFileType = sourcecode.swift; path = User.swift; sourceTree = "<group>"; };
		45F32E6B1BDDD23F00FFDDD7 /* BBNetworkManager.swift */ = {isa = PBXFileReference; fileEncoding = 4; lastKnownFileType = sourcecode.swift; path = BBNetworkManager.swift; sourceTree = "<group>"; };
		45F32E701BDE23BC00FFDDD7 /* Comment.swift */ = {isa = PBXFileReference; fileEncoding = 4; lastKnownFileType = sourcecode.swift; path = Comment.swift; sourceTree = "<group>"; };
		45F32E721BDE2D7300FFDDD7 /* Draft.swift */ = {isa = PBXFileReference; fileEncoding = 4; lastKnownFileType = sourcecode.swift; path = Draft.swift; sourceTree = "<group>"; };
		B2B81B37CAF274CCCE4E083B /* Pods.release.xcconfig */ = {isa = PBXFileReference; includeInIndex = 1; lastKnownFileType = text.xcconfig; name = Pods.release.xcconfig; path = "Pods/Target Support Files/Pods/Pods.release.xcconfig"; sourceTree = "<group>"; };
/* End PBXFileReference section */

/* Begin PBXFrameworksBuildPhase section */
		45DE27661B8721DF0054413F /* Frameworks */ = {
			isa = PBXFrameworksBuildPhase;
			buildActionMask = 2147483647;
			files = (
				2AFA51E8F5B055ACD4C0ED33 /* Pods.framework in Frameworks */,
			);
			runOnlyForDeploymentPostprocessing = 0;
		};
		45DE277E1B8721DF0054413F /* Frameworks */ = {
			isa = PBXFrameworksBuildPhase;
			buildActionMask = 2147483647;
			files = (
			);
			runOnlyForDeploymentPostprocessing = 0;
		};
/* End PBXFrameworksBuildPhase section */

/* Begin PBXGroup section */
		00FDCB361BDA971600D34A26 /* Utilities */ = {
			isa = PBXGroup;
			children = (
				00BAABA01BDD1F9600BA4F3D /* Utils.swift */,
				45F32E6B1BDDD23F00FFDDD7 /* BBNetworkManager.swift */,
			);
			name = Utilities;
			sourceTree = "<group>";
		};
		42CD54B0F4B6BFA682386005 /* Pods */ = {
			isa = PBXGroup;
			children = (
				03EBE97916082EF6C0D17A21 /* Pods.debug.xcconfig */,
				B2B81B37CAF274CCCE4E083B /* Pods.release.xcconfig */,
			);
			name = Pods;
			sourceTree = "<group>";
		};
		438A98C460AC10A00D076AEE /* Frameworks */ = {
			isa = PBXGroup;
			children = (
				1D661EA3637F472DA835FF85 /* Pods.framework */,
			);
			name = Frameworks;
			sourceTree = "<group>";
		};
		45D154271BDF76CB009B7ED5 /* Module */ = {
			isa = PBXGroup;
			children = (
				45D154281BDF76D0009B7ED5 /* HomeTab */,
			);
			name = Module;
			sourceTree = "<group>";
		};
		45D154281BDF76D0009B7ED5 /* HomeTab */ = {
			isa = PBXGroup;
			children = (
				45D154291BDF7700009B7ED5 /* BBStatusTableViewCell.swift */,
			);
			name = HomeTab;
			sourceTree = "<group>";
		};
		45DE27601B8721DF0054413F = {
			isa = PBXGroup;
			children = (
				45DE276B1B8721DF0054413F /* Meibo */,
				45DE27841B8721DF0054413F /* MeiboTests */,
				45DE276A1B8721DF0054413F /* Products */,
				42CD54B0F4B6BFA682386005 /* Pods */,
				438A98C460AC10A00D076AEE /* Frameworks */,
			);
			sourceTree = "<group>";
		};
		45DE276A1B8721DF0054413F /* Products */ = {
			isa = PBXGroup;
			children = (
				45DE27691B8721DF0054413F /* Meibo.app */,
				45DE27811B8721DF0054413F /* MeiboTests.xctest */,
			);
			name = Products;
			sourceTree = "<group>";
		};
		45DE276B1B8721DF0054413F /* Meibo */ = {
			isa = PBXGroup;
			children = (
				45D154271BDF76CB009B7ED5 /* Module */,
				00FDCB361BDA971600D34A26 /* Utilities */,
				45DE27931B8723CD0054413F /* Model */,
				45DE276E1B8721DF0054413F /* AppDelegate.swift */,
				45DE27781B8721DF0054413F /* Images.xcassets */,
				45DE277A1B8721DF0054413F /* LaunchScreen.xib */,
				45DE276C1B8721DF0054413F /* Supporting Files */,
			);
			path = Meibo;
			sourceTree = "<group>";
		};
		45DE276C1B8721DF0054413F /* Supporting Files */ = {
			isa = PBXGroup;
			children = (
				45DE276D1B8721DF0054413F /* Info.plist */,
			);
			name = "Supporting Files";
			sourceTree = "<group>";
		};
		45DE27841B8721DF0054413F /* MeiboTests */ = {
			isa = PBXGroup;
			children = (
				45DE27871B8721DF0054413F /* MeiboTests.swift */,
				45DE27851B8721DF0054413F /* Supporting Files */,
			);
			path = MeiboTests;
			sourceTree = "<group>";
		};
		45DE27851B8721DF0054413F /* Supporting Files */ = {
			isa = PBXGroup;
			children = (
				45DE27861B8721DF0054413F /* Info.plist */,
			);
			name = "Supporting Files";
			sourceTree = "<group>";
		};
		45DE27931B8723CD0054413F /* Model */ = {
			isa = PBXGroup;
			children = (
				45DE27941B87240D0054413F /* Status.swift */,
				45DE27961B872B350054413F /* User.swift */,
				45F32E701BDE23BC00FFDDD7 /* Comment.swift */,
				45F32E721BDE2D7300FFDDD7 /* Draft.swift */,
				45D154231BDF4547009B7ED5 /* Counts.swift */,
				45D154251BDF46CD009B7ED5 /* Reply.swift */,
			);
			name = Model;
			sourceTree = "<group>";
		};
/* End PBXGroup section */

/* Begin PBXNativeTarget section */
		45DE27681B8721DF0054413F /* Meibo */ = {
			isa = PBXNativeTarget;
			buildConfigurationList = 45DE278B1B8721DF0054413F /* Build configuration list for PBXNativeTarget "Meibo" */;
			buildPhases = (
				4BFAC7C5717B5CE56020DB25 /* Check Pods Manifest.lock */,
				45DE27651B8721DF0054413F /* Sources */,
				45DE27661B8721DF0054413F /* Frameworks */,
				45DE27671B8721DF0054413F /* Resources */,
				1C51D7CE6394BE7AC53F2D54 /* Embed Pods Frameworks */,
				220C2562B2328EF62A7CDEED /* Copy Pods Resources */,
			);
			buildRules = (
			);
			dependencies = (
			);
			name = Meibo;
			productName = Meibo;
			productReference = 45DE27691B8721DF0054413F /* Meibo.app */;
			productType = "com.apple.product-type.application";
		};
		45DE27801B8721DF0054413F /* MeiboTests */ = {
			isa = PBXNativeTarget;
			buildConfigurationList = 45DE278E1B8721DF0054413F /* Build configuration list for PBXNativeTarget "MeiboTests" */;
			buildPhases = (
				45DE277D1B8721DF0054413F /* Sources */,
				45DE277E1B8721DF0054413F /* Frameworks */,
				45DE277F1B8721DF0054413F /* Resources */,
			);
			buildRules = (
			);
			dependencies = (
				45DE27831B8721DF0054413F /* PBXTargetDependency */,
			);
			name = MeiboTests;
			productName = MeiboTests;
			productReference = 45DE27811B8721DF0054413F /* MeiboTests.xctest */;
			productType = "com.apple.product-type.bundle.unit-test";
		};
/* End PBXNativeTarget section */

/* Begin PBXProject section */
		45DE27611B8721DF0054413F /* Project object */ = {
			isa = PBXProject;
			attributes = {
				LastSwiftMigration = 0700;
				LastSwiftUpdateCheck = 0700;
				LastUpgradeCheck = 0640;
				ORGANIZATIONNAME = Boris;
				TargetAttributes = {
					45DE27681B8721DF0054413F = {
						CreatedOnToolsVersion = 6.4;
						DevelopmentTeam = R8SXHLJ4HE;
					};
					45DE27801B8721DF0054413F = {
						CreatedOnToolsVersion = 6.4;
						TestTargetID = 45DE27681B8721DF0054413F;
					};
				};
			};
			buildConfigurationList = 45DE27641B8721DF0054413F /* Build configuration list for PBXProject "Meibo" */;
			compatibilityVersion = "Xcode 3.2";
			developmentRegion = English;
			hasScannedForEncodings = 0;
			knownRegions = (
				en,
				Base,
			);
			mainGroup = 45DE27601B8721DF0054413F;
			productRefGroup = 45DE276A1B8721DF0054413F /* Products */;
			projectDirPath = "";
			projectRoot = "";
			targets = (
				45DE27681B8721DF0054413F /* Meibo */,
				45DE27801B8721DF0054413F /* MeiboTests */,
			);
		};
/* End PBXProject section */

/* Begin PBXResourcesBuildPhase section */
		45DE27671B8721DF0054413F /* Resources */ = {
			isa = PBXResourcesBuildPhase;
			buildActionMask = 2147483647;
			files = (
				45DE277C1B8721DF0054413F /* LaunchScreen.xib in Resources */,
				45DE27791B8721DF0054413F /* Images.xcassets in Resources */,
			);
			runOnlyForDeploymentPostprocessing = 0;
		};
		45DE277F1B8721DF0054413F /* Resources */ = {
			isa = PBXResourcesBuildPhase;
			buildActionMask = 2147483647;
			files = (
			);
			runOnlyForDeploymentPostprocessing = 0;
		};
/* End PBXResourcesBuildPhase section */

/* Begin PBXShellScriptBuildPhase section */
		1C51D7CE6394BE7AC53F2D54 /* Embed Pods Frameworks */ = {
			isa = PBXShellScriptBuildPhase;
			buildActionMask = 2147483647;
			files = (
			);
			inputPaths = (
			);
			name = "Embed Pods Frameworks";
			outputPaths = (
			);
			runOnlyForDeploymentPostprocessing = 0;
			shellPath = /bin/sh;
			shellScript = "\"${SRCROOT}/Pods/Target Support Files/Pods/Pods-frameworks.sh\"\n";
			showEnvVarsInLog = 0;
		};
		220C2562B2328EF62A7CDEED /* Copy Pods Resources */ = {
			isa = PBXShellScriptBuildPhase;
			buildActionMask = 2147483647;
			files = (
			);
			inputPaths = (
			);
			name = "Copy Pods Resources";
			outputPaths = (
			);
			runOnlyForDeploymentPostprocessing = 0;
			shellPath = /bin/sh;
			shellScript = "\"${SRCROOT}/Pods/Target Support Files/Pods/Pods-resources.sh\"\n";
			showEnvVarsInLog = 0;
		};
		4BFAC7C5717B5CE56020DB25 /* Check Pods Manifest.lock */ = {
			isa = PBXShellScriptBuildPhase;
			buildActionMask = 2147483647;
			files = (
			);
			inputPaths = (
			);
			name = "Check Pods Manifest.lock";
			outputPaths = (
			);
			runOnlyForDeploymentPostprocessing = 0;
			shellPath = /bin/sh;
			shellScript = "diff \"${PODS_ROOT}/../Podfile.lock\" \"${PODS_ROOT}/Manifest.lock\" > /dev/null\nif [[ $? != 0 ]] ; then\n    cat << EOM\nerror: The sandbox is not in sync with the Podfile.lock. Run 'pod install' or update your CocoaPods installation.\nEOM\n    exit 1\nfi\n";
			showEnvVarsInLog = 0;
		};
/* End PBXShellScriptBuildPhase section */

/* Begin PBXSourcesBuildPhase section */
		45DE27651B8721DF0054413F /* Sources */ = {
			isa = PBXSourcesBuildPhase;
			buildActionMask = 2147483647;
			files = (
				45D154261BDF46CD009B7ED5 /* Reply.swift in Sources */,
				45D1542A1BDF7700009B7ED5 /* BBStatusTableViewCell.swift in Sources */,
				45DE276F1B8721DF0054413F /* AppDelegate.swift in Sources */,
				45F32E711BDE23BD00FFDDD7 /* Comment.swift in Sources */,
				45DE27971B872B350054413F /* User.swift in Sources */,
				45D154241BDF4547009B7ED5 /* Counts.swift in Sources */,
				45DE27951B87240D0054413F /* Status.swift in Sources */,
				45F32E6C1BDDD23F00FFDDD7 /* BBNetworkManager.swift in Sources */,
				45F32E731BDE2D7300FFDDD7 /* Draft.swift in Sources */,
				00BAABA11BDD1F9600BA4F3D /* Utils.swift in Sources */,
			);
			runOnlyForDeploymentPostprocessing = 0;
		};
		45DE277D1B8721DF0054413F /* Sources */ = {
			isa = PBXSourcesBuildPhase;
			buildActionMask = 2147483647;
			files = (
				45DE27881B8721DF0054413F /* MeiboTests.swift in Sources */,
			);
			runOnlyForDeploymentPostprocessing = 0;
		};
/* End PBXSourcesBuildPhase section */

/* Begin PBXTargetDependency section */
		45DE27831B8721DF0054413F /* PBXTargetDependency */ = {
			isa = PBXTargetDependency;
			target = 45DE27681B8721DF0054413F /* Meibo */;
			targetProxy = 45DE27821B8721DF0054413F /* PBXContainerItemProxy */;
		};
/* End PBXTargetDependency section */

/* Begin PBXVariantGroup section */
		45DE277A1B8721DF0054413F /* LaunchScreen.xib */ = {
			isa = PBXVariantGroup;
			children = (
				45DE277B1B8721DF0054413F /* Base */,
			);
			name = LaunchScreen.xib;
			sourceTree = "<group>";
		};
/* End PBXVariantGroup section */

/* Begin XCBuildConfiguration section */
		45DE27891B8721DF0054413F /* Debug */ = {
			isa = XCBuildConfiguration;
			buildSettings = {
				ALWAYS_SEARCH_USER_PATHS = NO;
				CLANG_CXX_LANGUAGE_STANDARD = "gnu++0x";
				CLANG_CXX_LIBRARY = "libc++";
				CLANG_ENABLE_MODULES = YES;
				CLANG_ENABLE_OBJC_ARC = YES;
				CLANG_WARN_BOOL_CONVERSION = YES;
				CLANG_WARN_CONSTANT_CONVERSION = YES;
				CLANG_WARN_DIRECT_OBJC_ISA_USAGE = YES_ERROR;
				CLANG_WARN_EMPTY_BODY = YES;
				CLANG_WARN_ENUM_CONVERSION = YES;
				CLANG_WARN_INT_CONVERSION = YES;
				CLANG_WARN_OBJC_ROOT_CLASS = YES_ERROR;
				CLANG_WARN_UNREACHABLE_CODE = YES;
				CLANG_WARN__DUPLICATE_METHOD_MATCH = YES;
				"CODE_SIGN_IDENTITY[sdk=iphoneos*]" = "iPhone Developer";
				COPY_PHASE_STRIP = NO;
				DEBUG_INFORMATION_FORMAT = "dwarf-with-dsym";
				ENABLE_STRICT_OBJC_MSGSEND = YES;
				GCC_C_LANGUAGE_STANDARD = gnu99;
				GCC_DYNAMIC_NO_PIC = NO;
				GCC_NO_COMMON_BLOCKS = YES;
				GCC_OPTIMIZATION_LEVEL = 0;
				GCC_PREPROCESSOR_DEFINITIONS = (
					"DEBUG=1",
					"$(inherited)",
				);
				GCC_SYMBOLS_PRIVATE_EXTERN = NO;
				GCC_WARN_64_TO_32_BIT_CONVERSION = YES;
				GCC_WARN_ABOUT_RETURN_TYPE = YES_ERROR;
				GCC_WARN_UNDECLARED_SELECTOR = YES;
				GCC_WARN_UNINITIALIZED_AUTOS = YES_AGGRESSIVE;
				GCC_WARN_UNUSED_FUNCTION = YES;
				GCC_WARN_UNUSED_VARIABLE = YES;
				IPHONEOS_DEPLOYMENT_TARGET = 8.4;
				MTL_ENABLE_DEBUG_INFO = YES;
				ONLY_ACTIVE_ARCH = YES;
				SDKROOT = iphoneos;
				SWIFT_OPTIMIZATION_LEVEL = "-Onone";
				TARGETED_DEVICE_FAMILY = "1,2";
			};
			name = Debug;
		};
		45DE278A1B8721DF0054413F /* Release */ = {
			isa = XCBuildConfiguration;
			buildSettings = {
				ALWAYS_SEARCH_USER_PATHS = NO;
				CLANG_CXX_LANGUAGE_STANDARD = "gnu++0x";
				CLANG_CXX_LIBRARY = "libc++";
				CLANG_ENABLE_MODULES = YES;
				CLANG_ENABLE_OBJC_ARC = YES;
				CLANG_WARN_BOOL_CONVERSION = YES;
				CLANG_WARN_CONSTANT_CONVERSION = YES;
				CLANG_WARN_DIRECT_OBJC_ISA_USAGE = YES_ERROR;
				CLANG_WARN_EMPTY_BODY = YES;
				CLANG_WARN_ENUM_CONVERSION = YES;
				CLANG_WARN_INT_CONVERSION = YES;
				CLANG_WARN_OBJC_ROOT_CLASS = YES_ERROR;
				CLANG_WARN_UNREACHABLE_CODE = YES;
				CLANG_WARN__DUPLICATE_METHOD_MATCH = YES;
				"CODE_SIGN_IDENTITY[sdk=iphoneos*]" = "iPhone Developer";
				COPY_PHASE_STRIP = NO;
				DEBUG_INFORMATION_FORMAT = "dwarf-with-dsym";
				ENABLE_NS_ASSERTIONS = NO;
				ENABLE_STRICT_OBJC_MSGSEND = YES;
				GCC_C_LANGUAGE_STANDARD = gnu99;
				GCC_NO_COMMON_BLOCKS = YES;
				GCC_WARN_64_TO_32_BIT_CONVERSION = YES;
				GCC_WARN_ABOUT_RETURN_TYPE = YES_ERROR;
				GCC_WARN_UNDECLARED_SELECTOR = YES;
				GCC_WARN_UNINITIALIZED_AUTOS = YES_AGGRESSIVE;
				GCC_WARN_UNUSED_FUNCTION = YES;
				GCC_WARN_UNUSED_VARIABLE = YES;
				IPHONEOS_DEPLOYMENT_TARGET = 8.4;
				MTL_ENABLE_DEBUG_INFO = NO;
				SDKROOT = iphoneos;
				TARGETED_DEVICE_FAMILY = "1,2";
				VALIDATE_PRODUCT = YES;
			};
			name = Release;
		};
		45DE278C1B8721DF0054413F /* Debug */ = {
			isa = XCBuildConfiguration;
			baseConfigurationReference = 03EBE97916082EF6C0D17A21 /* Pods.debug.xcconfig */;
			buildSettings = {
				ASSETCATALOG_COMPILER_APPICON_NAME = AppIcon;
				CODE_SIGN_IDENTITY = "iPhone Developer";
				INFOPLIST_FILE = Meibo/Info.plist;
				LD_RUNPATH_SEARCH_PATHS = "$(inherited) @executable_path/Frameworks";
				PRODUCT_NAME = "$(TARGET_NAME)";
			};
			name = Debug;
		};
		45DE278D1B8721DF0054413F /* Release */ = {
			isa = XCBuildConfiguration;
			baseConfigurationReference = B2B81B37CAF274CCCE4E083B /* Pods.release.xcconfig */;
			buildSettings = {
				ASSETCATALOG_COMPILER_APPICON_NAME = AppIcon;
				CODE_SIGN_IDENTITY = "iPhone Developer";
				INFOPLIST_FILE = Meibo/Info.plist;
				LD_RUNPATH_SEARCH_PATHS = "$(inherited) @executable_path/Frameworks";
				PRODUCT_NAME = "$(TARGET_NAME)";
			};
			name = Release;
		};
		45DE278F1B8721DF0054413F /* Debug */ = {
			isa = XCBuildConfiguration;
			buildSettings = {
				BUNDLE_LOADER = "$(TEST_HOST)";
				FRAMEWORK_SEARCH_PATHS = (
					"$(SDKROOT)/Developer/Library/Frameworks",
					"$(inherited)",
				);
				GCC_PREPROCESSOR_DEFINITIONS = (
					"DEBUG=1",
					"$(inherited)",
				);
				INFOPLIST_FILE = MeiboTests/Info.plist;
				LD_RUNPATH_SEARCH_PATHS = "$(inherited) @executable_path/Frameworks @loader_path/Frameworks";
				PRODUCT_NAME = "$(TARGET_NAME)";
				TEST_HOST = "$(BUILT_PRODUCTS_DIR)/Meibo.app/Meibo";
			};
			name = Debug;
		};
		45DE27901B8721DF0054413F /* Release */ = {
			isa = XCBuildConfiguration;
			buildSettings = {
				BUNDLE_LOADER = "$(TEST_HOST)";
				FRAMEWORK_SEARCH_PATHS = (
					"$(SDKROOT)/Developer/Library/Frameworks",
					"$(inherited)",
				);
				INFOPLIST_FILE = MeiboTests/Info.plist;
				LD_RUNPATH_SEARCH_PATHS = "$(inherited) @executable_path/Frameworks @loader_path/Frameworks";
				PRODUCT_NAME = "$(TARGET_NAME)";
				TEST_HOST = "$(BUILT_PRODUCTS_DIR)/Meibo.app/Meibo";
			};
			name = Release;
		};
/* End XCBuildConfiguration section */

/* Begin XCConfigurationList section */
		45DE27641B8721DF0054413F /* Build configuration list for PBXProject "Meibo" */ = {
			isa = XCConfigurationList;
			buildConfigurations = (
				45DE27891B8721DF0054413F /* Debug */,
				45DE278A1B8721DF0054413F /* Release */,
			);
			defaultConfigurationIsVisible = 0;
			defaultConfigurationName = Release;
		};
		45DE278B1B8721DF0054413F /* Build configuration list for PBXNativeTarget "Meibo" */ = {
			isa = XCConfigurationList;
			buildConfigurations = (
				45DE278C1B8721DF0054413F /* Debug */,
				45DE278D1B8721DF0054413F /* Release */,
			);
			defaultConfigurationIsVisible = 0;
			defaultConfigurationName = Release;
		};
		45DE278E1B8721DF0054413F /* Build configuration list for PBXNativeTarget "MeiboTests" */ = {
			isa = XCConfigurationList;
			buildConfigurations = (
				45DE278F1B8721DF0054413F /* Debug */,
				45DE27901B8721DF0054413F /* Release */,
			);
			defaultConfigurationIsVisible = 0;
			defaultConfigurationName = Release;
		};
/* End XCConfigurationList section */
	};
	rootObject = 45DE27611B8721DF0054413F /* Project object */;
}
